
Microsoft Visual Studio Solution File, Format Version 12.00
# Visual Studio Version 16
VisualStudioVersion = 16.0.29911.84
MinimumVisualStudioVersion = 10.0.40219.1
Project("{FAE04EC0-301F-11D3-BF4B-00C04F79EFBC}") = "MyBlog", "MyBlog\MyBlog.csproj", "{D45EC50C-CDC4-4D7F-BE5A-60DCA1DC867F}"
EndProject
Project("{FAE04EC0-301F-11D3-BF4B-00C04F79EFBC}") = "DAL", "..\DAL\DAL\DAL.csproj", "{102A421D-C917-495B-83ED-422B771996C2}"
EndProject
Project("{9A19103F-16F7-4668-BE54-9A1E7A4F7556}") = "MyBlogCore", "MyBlogCore\MyBlogCore.csproj", "{C7A8ABC2-2371-4772-9A75-5F883157B7F0}"
EndProject
Project("{9A19103F-16F7-4668-BE54-9A1E7A4F7556}") = "MyBlogAPI", "MyBlogAPI\MyBlogAPI.csproj", "{D5F9C394-8EBA-4EDC-9482-6A9C2FBF12ED}"
EndProject
Project("{9A19103F-16F7-4668-BE54-9A1E7A4F7556}") = "MyBlogEmpty", "MyBlogEmpty\MyBlogEmpty.csproj", "{46424D64-3A69-409B-8D73-D85C7C011D31}"
EndProject
Project("{9A19103F-16F7-4668-BE54-9A1E7A4F7556}") = "Dapper", "Dapper\Dapper.csproj", "{6A5BB878-3845-4E3D-ACB2-8DE860734CE1}"
EndProject
Project("{9A19103F-16F7-4668-BE54-9A1E7A4F7556}") = "WikiPlex", "WikiPlex\WikiPlex.csproj", "{7A4DF3EC-4B72-498A-9FC2-260012C84D5D}"
EndProject
Project("{9A19103F-16F7-4668-BE54-9A1E7A4F7556}") = "CodeKicker.BBCode", "CodeKicker.BBCode\CodeKicker.BBCode.csproj", "{87A91A03-BA9C-4616-B3CC-7D66A92B0BE7}"
EndProject
Project("{9A19103F-16F7-4668-BE54-9A1E7A4F7556}") = "DevTests", "DevTests\DevTests.csproj", "{FE0C96C9-4EE5-49C1-8BFA-83080E60F122}"
EndProject
Project("{9A19103F-16F7-4668-BE54-9A1E7A4F7556}") = "ColorCode.Core", "ColorCode.Core\ColorCode.Core.csproj", "{087048E2-257F-4A3C-84D7-B80E80B1C104}"
EndProject
Project("{9A19103F-16F7-4668-BE54-9A1E7A4F7556}") = "ColorCodeNetStandard", "ColorCodeNetStandard\ColorCodeNetStandard.csproj", "{C5E92605-DC08-4531-9548-36E8B71C1481}"
EndProject
Project("{9A19103F-16F7-4668-BE54-9A1E7A4F7556}") = "DB", "DB\DB.csproj", "{4DFFC45E-5FE3-4AE2-8D72-F0913D4605DD}"
EndProject
Project("{D954291E-2A0B-460D-934E-DC6B0785DB48}") = "_DB", "_DB\_DB.shproj", "{B91CA08A-4922-44B6-837E-BB88BD4E2B85}"
EndProject
Project("{9A19103F-16F7-4668-BE54-9A1E7A4F7556}") = "OnlineYournal", "OnlineYournal\OnlineYournal.csproj", "{30584B74-75FE-4AF2-8AAA-B6B1C0431E09}"
EndProject
Project("{FAE04EC0-301F-11D3-BF4B-00C04F79EFBC}") = "SslCertificateGenerator", "SslCertificateGenerator\SslCertificateGenerator.csproj", "{9DF2A015-B2F3-4CBD-A15F-C0ED09552EA6}"
EndProject
Global
	GlobalSection(SharedMSBuildProjectFiles) = preSolution
		_DB\_DB.projitems*{b91ca08a-4922-44b6-837e-bb88bd4e2b85}*SharedItemsImports = 13
	EndGlobalSection
	GlobalSection(SolutionConfigurationPlatforms) = preSolution
		Debug|Any CPU = Debug|Any CPU
		Release|Any CPU = Release|Any CPU
	EndGlobalSection
	GlobalSection(ProjectConfigurationPlatforms) = postSolution
		{D45EC50C-CDC4-4D7F-BE5A-60DCA1DC867F}.Debug|Any CPU.ActiveCfg = Debug|Any CPU
		{D45EC50C-CDC4-4D7F-BE5A-60DCA1DC867F}.Debug|Any CPU.Build.0 = Debug|Any CPU
		{D45EC50C-CDC4-4D7F-BE5A-60DCA1DC867F}.Release|Any CPU.ActiveCfg = Release|Any CPU
		{D45EC50C-CDC4-4D7F-BE5A-60DCA1DC867F}.Release|Any CPU.Build.0 = Release|Any CPU
		{102A421D-C917-495B-83ED-422B771996C2}.Debug|Any CPU.ActiveCfg = Debug|Any CPU
		{102A421D-C917-495B-83ED-422B771996C2}.Debug|Any CPU.Build.0 = Debug|Any CPU
		{102A421D-C917-495B-83ED-422B771996C2}.Release|Any CPU.ActiveCfg = Release|Any CPU
		{102A421D-C917-495B-83ED-422B771996C2}.Release|Any CPU.Build.0 = Release|Any CPU
		{C7A8ABC2-2371-4772-9A75-5F883157B7F0}.Debug|Any CPU.ActiveCfg = Debug|Any CPU
		{C7A8ABC2-2371-4772-9A75-5F883157B7F0}.Debug|Any CPU.Build.0 = Debug|Any CPU
		{C7A8ABC2-2371-4772-9A75-5F883157B7F0}.Release|Any CPU.ActiveCfg = Release|Any CPU
		{C7A8ABC2-2371-4772-9A75-5F883157B7F0}.Release|Any CPU.Build.0 = Release|Any CPU
		{D5F9C394-8EBA-4EDC-9482-6A9C2FBF12ED}.Debug|Any CPU.ActiveCfg = Debug|Any CPU
		{D5F9C394-8EBA-4EDC-9482-6A9C2FBF12ED}.Debug|Any CPU.Build.0 = Debug|Any CPU
		{D5F9C394-8EBA-4EDC-9482-6A9C2FBF12ED}.Release|Any CPU.ActiveCfg = Release|Any CPU
		{D5F9C394-8EBA-4EDC-9482-6A9C2FBF12ED}.Release|Any CPU.Build.0 = Release|Any CPU
		{46424D64-3A69-409B-8D73-D85C7C011D31}.Debug|Any CPU.ActiveCfg = Debug|Any CPU
		{46424D64-3A69-409B-8D73-D85C7C011D31}.Debug|Any CPU.Build.0 = Debug|Any CPU
		{46424D64-3A69-409B-8D73-D85C7C011D31}.Release|Any CPU.ActiveCfg = Release|Any CPU
		{46424D64-3A69-409B-8D73-D85C7C011D31}.Release|Any CPU.Build.0 = Release|Any CPU
		{6A5BB878-3845-4E3D-ACB2-8DE860734CE1}.Debug|Any CPU.ActiveCfg = Debug|Any CPU
		{6A5BB878-3845-4E3D-ACB2-8DE860734CE1}.Debug|Any CPU.Build.0 = Debug|Any CPU
		{6A5BB878-3845-4E3D-ACB2-8DE860734CE1}.Release|Any CPU.ActiveCfg = Release|Any CPU
		{6A5BB878-3845-4E3D-ACB2-8DE860734CE1}.Release|Any CPU.Build.0 = Release|Any CPU
		{7A4DF3EC-4B72-498A-9FC2-260012C84D5D}.Debug|Any CPU.ActiveCfg = Debug|Any CPU
		{7A4DF3EC-4B72-498A-9FC2-260012C84D5D}.Debug|Any CPU.Build.0 = Debug|Any CPU
		{7A4DF3EC-4B72-498A-9FC2-260012C84D5D}.Release|Any CPU.ActiveCfg = Release|Any CPU
		{7A4DF3EC-4B72-498A-9FC2-260012C84D5D}.Release|Any CPU.Build.0 = Release|Any CPU
		{87A91A03-BA9C-4616-B3CC-7D66A92B0BE7}.Debug|Any CPU.ActiveCfg = Debug|Any CPU
		{87A91A03-BA9C-4616-B3CC-7D66A92B0BE7}.Debug|Any CPU.Build.0 = Debug|Any CPU
		{87A91A03-BA9C-4616-B3CC-7D66A92B0BE7}.Release|Any CPU.ActiveCfg = Release|Any CPU
		{87A91A03-BA9C-4616-B3CC-7D66A92B0BE7}.Release|Any CPU.Build.0 = Release|Any CPU
		{FE0C96C9-4EE5-49C1-8BFA-83080E60F122}.Debug|Any CPU.ActiveCfg = Debug|Any CPU
		{FE0C96C9-4EE5-49C1-8BFA-83080E60F122}.Debug|Any CPU.Build.0 = Debug|Any CPU
		{FE0C96C9-4EE5-49C1-8BFA-83080E60F122}.Release|Any CPU.ActiveCfg = Release|Any CPU
		{FE0C96C9-4EE5-49C1-8BFA-83080E60F122}.Release|Any CPU.Build.0 = Release|Any CPU
		{087048E2-257F-4A3C-84D7-B80E80B1C104}.Debug|Any CPU.ActiveCfg = Debug|Any CPU
		{087048E2-257F-4A3C-84D7-B80E80B1C104}.Debug|Any CPU.Build.0 = Debug|Any CPU
		{087048E2-257F-4A3C-84D7-B80E80B1C104}.Release|Any CPU.ActiveCfg = Release|Any CPU
		{087048E2-257F-4A3C-84D7-B80E80B1C104}.Release|Any CPU.Build.0 = Release|Any CPU
		{C5E92605-DC08-4531-9548-36E8B71C1481}.Debug|Any CPU.ActiveCfg = Debug|Any CPU
		{C5E92605-DC08-4531-9548-36E8B71C1481}.Debug|Any CPU.Build.0 = Debug|Any CPU
		{C5E92605-DC08-4531-9548-36E8B71C1481}.Release|Any CPU.ActiveCfg = Release|Any CPU
		{C5E92605-DC08-4531-9548-36E8B71C1481}.Release|Any CPU.Build.0 = Release|Any CPU
		{4DFFC45E-5FE3-4AE2-8D72-F0913D4605DD}.Debug|Any CPU.ActiveCfg = Debug|Any CPU
		{4DFFC45E-5FE3-4AE2-8D72-F0913D4605DD}.Debug|Any CPU.Build.0 = Debug|Any CPU
		{4DFFC45E-5FE3-4AE2-8D72-F0913D4605DD}.Release|Any CPU.ActiveCfg = Release|Any CPU
		{4DFFC45E-5FE3-4AE2-8D72-F0913D4605DD}.Release|Any CPU.Build.0 = Release|Any CPU
		{30584B74-75FE-4AF2-8AAA-B6B1C0431E09}.Debug|Any CPU.ActiveCfg = Debug|Any CPU
		{30584B74-75FE-4AF2-8AAA-B6B1C0431E09}.Debug|Any CPU.Build.0 = Debug|Any CPU
		{30584B74-75FE-4AF2-8AAA-B6B1C0431E09}.Release|Any CPU.ActiveCfg = Release|Any CPU
		{30584B74-75FE-4AF2-8AAA-B6B1C0431E09}.Release|Any CPU.Build.0 = Release|Any CPU
		{9DF2A015-B2F3-4CBD-A15F-C0ED09552EA6}.Debug|Any CPU.ActiveCfg = Debug|Any CPU
		{9DF2A015-B2F3-4CBD-A15F-C0ED09552EA6}.Debug|Any CPU.Build.0 = Debug|Any CPU
		{9DF2A015-B2F3-4CBD-A15F-C0ED09552EA6}.Release|Any CPU.ActiveCfg = Release|Any CPU
		{9DF2A015-B2F3-4CBD-A15F-C0ED09552EA6}.Release|Any CPU.Build.0 = Release|Any CPU
	EndGlobalSection
	GlobalSection(SolutionProperties) = preSolution
		HideSolutionNode = FALSE
	EndGlobalSection
	GlobalSection(ExtensibilityGlobals) = postSolution
		SolutionGuid = {102FBAA6-6D27-4E06-B497-2B6199641195}
	EndGlobalSection
EndGlobal
